
Microsoft Visual Studio Solution File, Format Version 11.00
# Visual Studio 2010
Project("{FAE04EC0-301F-11D3-BF4B-00C04F79EFBC}") = "trainning", "trainning\trainning.csproj", "{5283ae1a-36e2-43d8-be01-8eabe0601fa5}"
EndProject
Global
	GlobalSection(SolutionConfigurationPlatforms) = preSolution
		Debug|Any CPU = Debug|Any CPU
		Release|Any CPU = Release|Any CPU
	EndGlobalSection
	GlobalSection(ProjectConfigurationPlatforms) = postSolution
		{5283AE1A-36E2-43D8-BE01-8EABE0601FA5}.Debug|Any CPU.ActiveCfg = Debug|Any CPU
		{5283AE1A-36E2-43D8-BE01-8EABE0601FA5}.Debug|Any CPU.Build.0 = Debug|Any CPU
		{5283AE1A-36E2-43D8-BE01-8EABE0601FA5}.Release|Any CPU.ActiveCfg = Release|Any CPU
		{5283AE1A-36E2-43D8-BE01-8EABE0601FA5}.Release|Any CPU.Build.0 = Release|Any CPU
	EndGlobalSection
EndGlobal
